
Microsoft Visual Studio Solution File, Format Version 12.00
# Visual Studio Version 17
VisualStudioVersion = 17.8.34004.107
MinimumVisualStudioVersion = 10.0.40219.1
Project("{FAE04EC0-301F-11D3-BF4B-00C04F79EFBC}") = "ChatFrontend", "Common\ChatFrontend\ChatFrontend.csproj", "{72E10B14-5EC6-4AC9-86B9-AC2C5785B014}"
EndProject
Global
	GlobalSection(SolutionConfigurationPlatforms) = preSolution
		Debug|Any CPU = Debug|Any CPU
		Release|Any CPU = Release|Any CPU
	EndGlobalSection
	GlobalSection(ProjectConfigurationPlatforms) = postSolution
		{72E10B14-5EC6-4AC9-86B9-AC2C5785B014}.Debug|Any CPU.ActiveCfg = Debug|Any CPU
		{72E10B14-5EC6-4AC9-86B9-AC2C5785B014}.Debug|Any CPU.Build.0 = Debug|Any CPU
		{72E10B14-5EC6-4AC9-86B9-AC2C5785B014}.Release|Any CPU.ActiveCfg = Release|Any CPU
		{72E10B14-5EC6-4AC9-86B9-AC2C5785B014}.Release|Any CPU.Build.0 = Release|Any CPU
	EndGlobalSection
	GlobalSection(SolutionProperties) = preSolution
		HideSolutionNode = FALSE
	EndGlobalSection
	GlobalSection(ExtensibilityGlobals) = postSolution
		SolutionGuid = {A29956F3-241C-4B3D-B617-6E6EE04D1857}
	EndGlobalSection
EndGlobal
