
Microsoft Visual Studio Solution File, Format Version 12.00
# Visual Studio Version 17
VisualStudioVersion = 17.8.34004.107
MinimumVisualStudioVersion = 10.0.40219.1
Project("{9A19103F-16F7-4668-BE54-9A1E7A4F7556}") = "WikiAI", "WikiAI\WikiAI.csproj", "{A7AB5C41-1F89-4217-B039-1C48EE52CA52}"
EndProject
Global
	GlobalSection(SolutionConfigurationPlatforms) = preSolution
		Debug|Any CPU = Debug|Any CPU
		Release|Any CPU = Release|Any CPU
	EndGlobalSection
	GlobalSection(ProjectConfigurationPlatforms) = postSolution
		{A7AB5C41-1F89-4217-B039-1C48EE52CA52}.Debug|Any CPU.ActiveCfg = Debug|Any CPU
		{A7AB5C41-1F89-4217-B039-1C48EE52CA52}.Debug|Any CPU.Build.0 = Debug|Any CPU
		{A7AB5C41-1F89-4217-B039-1C48EE52CA52}.Release|Any CPU.ActiveCfg = Release|Any CPU
		{A7AB5C41-1F89-4217-B039-1C48EE52CA52}.Release|Any CPU.Build.0 = Release|Any CPU
	EndGlobalSection
	GlobalSection(SolutionProperties) = preSolution
		HideSolutionNode = FALSE
	EndGlobalSection
	GlobalSection(ExtensibilityGlobals) = postSolution
		SolutionGuid = {A29956F3-241C-4B3D-B617-6E6EE04D1857}
	EndGlobalSection
EndGlobal
